
Microsoft Visual Studio Solution File, Format Version 12.00
# Visual Studio Version 17
VisualStudioVersion = 17.3.32819.101
MinimumVisualStudioVersion = 10.0.40219.1
Project("{FAE04EC0-301F-11D3-BF4B-00C04F79EFBC}") = "Monitor.NET", "Monitor.NET\Monitor.NET.csproj", "{C6FD881D-0C32-4E22-925C-B16C8E184A82}"
EndProject
Project("{FAE04EC0-301F-11D3-BF4B-00C04F79EFBC}") = "NUnit", "NUnit\NUnit.csproj", "{56742969-43E8-437F-8153-8D13F6F400FD}"
EndProject
Global
	GlobalSection(SolutionConfigurationPlatforms) = preSolution
		Debug|Any CPU = Debug|Any CPU
		Release|Any CPU = Release|Any CPU
	EndGlobalSection
	GlobalSection(ProjectConfigurationPlatforms) = postSolution
		{C6FD881D-0C32-4E22-925C-B16C8E184A82}.Debug|Any CPU.ActiveCfg = Debug|Any CPU
		{C6FD881D-0C32-4E22-925C-B16C8E184A82}.Debug|Any CPU.Build.0 = Debug|Any CPU
		{C6FD881D-0C32-4E22-925C-B16C8E184A82}.Release|Any CPU.ActiveCfg = Release|Any CPU
		{C6FD881D-0C32-4E22-925C-B16C8E184A82}.Release|Any CPU.Build.0 = Release|Any CPU
		{56742969-43E8-437F-8153-8D13F6F400FD}.Debug|Any CPU.ActiveCfg = Debug|Any CPU
		{56742969-43E8-437F-8153-8D13F6F400FD}.Debug|Any CPU.Build.0 = Debug|Any CPU
		{56742969-43E8-437F-8153-8D13F6F400FD}.Release|Any CPU.ActiveCfg = Release|Any CPU
		{56742969-43E8-437F-8153-8D13F6F400FD}.Release|Any CPU.Build.0 = Release|Any CPU
	EndGlobalSection
	GlobalSection(SolutionProperties) = preSolution
		HideSolutionNode = FALSE
	EndGlobalSection
	GlobalSection(ExtensibilityGlobals) = postSolution
		SolutionGuid = {FC78CA5E-4FB5-44F7-8547-B3D8D18D3431}
	EndGlobalSection
EndGlobal
